
Microsoft Visual Studio Solution File, Format Version 12.00
# Visual Studio 15
VisualStudioVersion = 15.0.26730.12
MinimumVisualStudioVersion = 10.0.40219.1
Project("{8BC9CEB8-8B4A-11D0-8D11-00A0C91BC942}") = "Lab1(BodyLength)", "Lab1\Lab1.vcxproj", "{02B736EF-4094-4926-AF55-9FB242C0FC79}"
EndProject
Project("{8BC9CEB8-8B4A-11D0-8D11-00A0C91BC942}") = "Lab2(matrix)", "Lab2\Lab2.vcxproj", "{16634530-49C4-4E21-BC84-195CC31A8866}"
EndProject
Project("{8BC9CEB8-8B4A-11D0-8D11-00A0C91BC942}") = "Lab3(pointers)", "Lab3\Lab3.vcxproj", "{B9B79DB9-CFAA-4722-A0AE-CFC385061D2F}"
EndProject
Project("{8BC9CEB8-8B4A-11D0-8D11-00A0C91BC942}") = "Lab4(functions)", "Lab4\Lab4.vcxproj", "{8B6A5F6A-A5A1-4DD6-B85A-1844049B3809}"
EndProject
Project("{8BC9CEB8-8B4A-11D0-8D11-00A0C91BC942}") = "Lab2(classMatrix)", "Lab2(classMatrix)\Lab2(classMatrix).vcxproj", "{2BC7E760-D140-4C27-BFF0-CE511F228E5C}"
EndProject
Project("{8BC9CEB8-8B4A-11D0-8D11-00A0C91BC942}") = "Lab5(class_and_objects)", "Lab5()\Lab5().vcxproj", "{A2A3DFFB-983B-4E17-874D-514E28065003}"
EndProject
Project("{8BC9CEB8-8B4A-11D0-8D11-00A0C91BC942}") = "Lab6(google_class)", "Lab6\Lab6.vcxproj", "{2DDE18DC-B9B6-4A00-A665-F07DD1DBD6A4}"
EndProject
Project("{8BC9CEB8-8B4A-11D0-8D11-00A0C91BC942}") = "Lab7", "Lab7\Lab7.vcxproj", "{0AEB93EE-F690-4CC0-BCA7-2147DC560B06}"
EndProject
Project("{8BC9CEB8-8B4A-11D0-8D11-00A0C91BC942}") = "Lab8(matrix)", "Lab8\Lab8.vcxproj", "{B262B2B9-06CF-4124-835E-7A7C8EB90851}"
EndProject
Project("{8BC9CEB8-8B4A-11D0-8D11-00A0C91BC942}") = "Lab9", "Lab9\Lab9.vcxproj", "{722C3943-39B7-4994-AB7B-1E7CFA8EED34}"
EndProject
Project("{8BC9CEB8-8B4A-11D0-8D11-00A0C91BC942}") = "Lab10", "Lab10\Lab10.vcxproj", "{D60E5938-0442-4714-82E9-333446522221}"
EndProject
Project("{8BC9CEB8-8B4A-11D0-8D11-00A0C91BC942}") = "Lab11", "Lab11\Lab11.vcxproj", "{ECE93F2B-AEB6-46D8-AECB-A8F05C7FFBAD}"
EndProject
Global
	GlobalSection(SolutionConfigurationPlatforms) = preSolution
		Debug|x64 = Debug|x64
		Debug|x86 = Debug|x86
		Release|x64 = Release|x64
		Release|x86 = Release|x86
	EndGlobalSection
	GlobalSection(ProjectConfigurationPlatforms) = postSolution
		{02B736EF-4094-4926-AF55-9FB242C0FC79}.Debug|x64.ActiveCfg = Debug|x64
		{02B736EF-4094-4926-AF55-9FB242C0FC79}.Debug|x64.Build.0 = Debug|x64
		{02B736EF-4094-4926-AF55-9FB242C0FC79}.Debug|x86.ActiveCfg = Debug|Win32
		{02B736EF-4094-4926-AF55-9FB242C0FC79}.Debug|x86.Build.0 = Debug|Win32
		{02B736EF-4094-4926-AF55-9FB242C0FC79}.Release|x64.ActiveCfg = Release|x64
		{02B736EF-4094-4926-AF55-9FB242C0FC79}.Release|x64.Build.0 = Release|x64
		{02B736EF-4094-4926-AF55-9FB242C0FC79}.Release|x86.ActiveCfg = Release|Win32
		{02B736EF-4094-4926-AF55-9FB242C0FC79}.Release|x86.Build.0 = Release|Win32
		{16634530-49C4-4E21-BC84-195CC31A8866}.Debug|x64.ActiveCfg = Debug|x64
		{16634530-49C4-4E21-BC84-195CC31A8866}.Debug|x64.Build.0 = Debug|x64
		{16634530-49C4-4E21-BC84-195CC31A8866}.Debug|x86.ActiveCfg = Debug|Win32
		{16634530-49C4-4E21-BC84-195CC31A8866}.Debug|x86.Build.0 = Debug|Win32
		{16634530-49C4-4E21-BC84-195CC31A8866}.Release|x64.ActiveCfg = Release|x64
		{16634530-49C4-4E21-BC84-195CC31A8866}.Release|x64.Build.0 = Release|x64
		{16634530-49C4-4E21-BC84-195CC31A8866}.Release|x86.ActiveCfg = Release|Win32
		{16634530-49C4-4E21-BC84-195CC31A8866}.Release|x86.Build.0 = Release|Win32
		{B9B79DB9-CFAA-4722-A0AE-CFC385061D2F}.Debug|x64.ActiveCfg = Debug|x64
		{B9B79DB9-CFAA-4722-A0AE-CFC385061D2F}.Debug|x64.Build.0 = Debug|x64
		{B9B79DB9-CFAA-4722-A0AE-CFC385061D2F}.Debug|x86.ActiveCfg = Debug|Win32
		{B9B79DB9-CFAA-4722-A0AE-CFC385061D2F}.Debug|x86.Build.0 = Debug|Win32
		{B9B79DB9-CFAA-4722-A0AE-CFC385061D2F}.Release|x64.ActiveCfg = Release|x64
		{B9B79DB9-CFAA-4722-A0AE-CFC385061D2F}.Release|x64.Build.0 = Release|x64
		{B9B79DB9-CFAA-4722-A0AE-CFC385061D2F}.Release|x86.ActiveCfg = Release|Win32
		{B9B79DB9-CFAA-4722-A0AE-CFC385061D2F}.Release|x86.Build.0 = Release|Win32
		{8B6A5F6A-A5A1-4DD6-B85A-1844049B3809}.Debug|x64.ActiveCfg = Debug|x64
		{8B6A5F6A-A5A1-4DD6-B85A-1844049B3809}.Debug|x64.Build.0 = Debug|x64
		{8B6A5F6A-A5A1-4DD6-B85A-1844049B3809}.Debug|x86.ActiveCfg = Debug|Win32
		{8B6A5F6A-A5A1-4DD6-B85A-1844049B3809}.Debug|x86.Build.0 = Debug|Win32
		{8B6A5F6A-A5A1-4DD6-B85A-1844049B3809}.Release|x64.ActiveCfg = Release|x64
		{8B6A5F6A-A5A1-4DD6-B85A-1844049B3809}.Release|x64.Build.0 = Release|x64
		{8B6A5F6A-A5A1-4DD6-B85A-1844049B3809}.Release|x86.ActiveCfg = Release|Win32
		{8B6A5F6A-A5A1-4DD6-B85A-1844049B3809}.Release|x86.Build.0 = Release|Win32
		{2BC7E760-D140-4C27-BFF0-CE511F228E5C}.Debug|x64.ActiveCfg = Debug|x64
		{2BC7E760-D140-4C27-BFF0-CE511F228E5C}.Debug|x64.Build.0 = Debug|x64
		{2BC7E760-D140-4C27-BFF0-CE511F228E5C}.Debug|x86.ActiveCfg = Debug|Win32
		{2BC7E760-D140-4C27-BFF0-CE511F228E5C}.Debug|x86.Build.0 = Debug|Win32
		{2BC7E760-D140-4C27-BFF0-CE511F228E5C}.Release|x64.ActiveCfg = Release|x64
		{2BC7E760-D140-4C27-BFF0-CE511F228E5C}.Release|x64.Build.0 = Release|x64
		{2BC7E760-D140-4C27-BFF0-CE511F228E5C}.Release|x86.ActiveCfg = Release|Win32
		{2BC7E760-D140-4C27-BFF0-CE511F228E5C}.Release|x86.Build.0 = Release|Win32
		{A2A3DFFB-983B-4E17-874D-514E28065003}.Debug|x64.ActiveCfg = Debug|x64
		{A2A3DFFB-983B-4E17-874D-514E28065003}.Debug|x64.Build.0 = Debug|x64
		{A2A3DFFB-983B-4E17-874D-514E28065003}.Debug|x86.ActiveCfg = Debug|Win32
		{A2A3DFFB-983B-4E17-874D-514E28065003}.Debug|x86.Build.0 = Debug|Win32
		{A2A3DFFB-983B-4E17-874D-514E28065003}.Release|x64.ActiveCfg = Release|x64
		{A2A3DFFB-983B-4E17-874D-514E28065003}.Release|x64.Build.0 = Release|x64
		{A2A3DFFB-983B-4E17-874D-514E28065003}.Release|x86.ActiveCfg = Release|Win32
		{A2A3DFFB-983B-4E17-874D-514E28065003}.Release|x86.Build.0 = Release|Win32
		{2DDE18DC-B9B6-4A00-A665-F07DD1DBD6A4}.Debug|x64.ActiveCfg = Debug|x64
		{2DDE18DC-B9B6-4A00-A665-F07DD1DBD6A4}.Debug|x64.Build.0 = Debug|x64
		{2DDE18DC-B9B6-4A00-A665-F07DD1DBD6A4}.Debug|x86.ActiveCfg = Debug|Win32
		{2DDE18DC-B9B6-4A00-A665-F07DD1DBD6A4}.Debug|x86.Build.0 = Debug|Win32
		{2DDE18DC-B9B6-4A00-A665-F07DD1DBD6A4}.Release|x64.ActiveCfg = Release|x64
		{2DDE18DC-B9B6-4A00-A665-F07DD1DBD6A4}.Release|x64.Build.0 = Release|x64
		{2DDE18DC-B9B6-4A00-A665-F07DD1DBD6A4}.Release|x86.ActiveCfg = Release|Win32
		{2DDE18DC-B9B6-4A00-A665-F07DD1DBD6A4}.Release|x86.Build.0 = Release|Win32
		{0AEB93EE-F690-4CC0-BCA7-2147DC560B06}.Debug|x64.ActiveCfg = Debug|x64
		{0AEB93EE-F690-4CC0-BCA7-2147DC560B06}.Debug|x64.Build.0 = Debug|x64
		{0AEB93EE-F690-4CC0-BCA7-2147DC560B06}.Debug|x86.ActiveCfg = Debug|Win32
		{0AEB93EE-F690-4CC0-BCA7-2147DC560B06}.Debug|x86.Build.0 = Debug|Win32
		{0AEB93EE-F690-4CC0-BCA7-2147DC560B06}.Release|x64.ActiveCfg = Release|x64
		{0AEB93EE-F690-4CC0-BCA7-2147DC560B06}.Release|x64.Build.0 = Release|x64
		{0AEB93EE-F690-4CC0-BCA7-2147DC560B06}.Release|x86.ActiveCfg = Release|Win32
		{0AEB93EE-F690-4CC0-BCA7-2147DC560B06}.Release|x86.Build.0 = Release|Win32
		{B262B2B9-06CF-4124-835E-7A7C8EB90851}.Debug|x64.ActiveCfg = Debug|x64
		{B262B2B9-06CF-4124-835E-7A7C8EB90851}.Debug|x64.Build.0 = Debug|x64
		{B262B2B9-06CF-4124-835E-7A7C8EB90851}.Debug|x86.ActiveCfg = Debug|Win32
		{B262B2B9-06CF-4124-835E-7A7C8EB90851}.Debug|x86.Build.0 = Debug|Win32
		{B262B2B9-06CF-4124-835E-7A7C8EB90851}.Release|x64.ActiveCfg = Release|x64
		{B262B2B9-06CF-4124-835E-7A7C8EB90851}.Release|x64.Build.0 = Release|x64
		{B262B2B9-06CF-4124-835E-7A7C8EB90851}.Release|x86.ActiveCfg = Release|Win32
		{B262B2B9-06CF-4124-835E-7A7C8EB90851}.Release|x86.Build.0 = Release|Win32
		{722C3943-39B7-4994-AB7B-1E7CFA8EED34}.Debug|x64.ActiveCfg = Debug|x64
		{722C3943-39B7-4994-AB7B-1E7CFA8EED34}.Debug|x64.Build.0 = Debug|x64
		{722C3943-39B7-4994-AB7B-1E7CFA8EED34}.Debug|x86.ActiveCfg = Debug|Win32
		{722C3943-39B7-4994-AB7B-1E7CFA8EED34}.Debug|x86.Build.0 = Debug|Win32
		{722C3943-39B7-4994-AB7B-1E7CFA8EED34}.Release|x64.ActiveCfg = Release|x64
		{722C3943-39B7-4994-AB7B-1E7CFA8EED34}.Release|x64.Build.0 = Release|x64
		{722C3943-39B7-4994-AB7B-1E7CFA8EED34}.Release|x86.ActiveCfg = Release|Win32
		{722C3943-39B7-4994-AB7B-1E7CFA8EED34}.Release|x86.Build.0 = Release|Win32
		{D60E5938-0442-4714-82E9-333446522221}.Debug|x64.ActiveCfg = Debug|x64
		{D60E5938-0442-4714-82E9-333446522221}.Debug|x64.Build.0 = Debug|x64
		{D60E5938-0442-4714-82E9-333446522221}.Debug|x86.ActiveCfg = Debug|Win32
		{D60E5938-0442-4714-82E9-333446522221}.Debug|x86.Build.0 = Debug|Win32
		{D60E5938-0442-4714-82E9-333446522221}.Release|x64.ActiveCfg = Release|x64
		{D60E5938-0442-4714-82E9-333446522221}.Release|x64.Build.0 = Release|x64
		{D60E5938-0442-4714-82E9-333446522221}.Release|x86.ActiveCfg = Release|Win32
		{D60E5938-0442-4714-82E9-333446522221}.Release|x86.Build.0 = Release|Win32
		{ECE93F2B-AEB6-46D8-AECB-A8F05C7FFBAD}.Debug|x64.ActiveCfg = Debug|x64
		{ECE93F2B-AEB6-46D8-AECB-A8F05C7FFBAD}.Debug|x64.Build.0 = Debug|x64
		{ECE93F2B-AEB6-46D8-AECB-A8F05C7FFBAD}.Debug|x86.ActiveCfg = Debug|Win32
		{ECE93F2B-AEB6-46D8-AECB-A8F05C7FFBAD}.Debug|x86.Build.0 = Debug|Win32
		{ECE93F2B-AEB6-46D8-AECB-A8F05C7FFBAD}.Release|x64.ActiveCfg = Release|x64
		{ECE93F2B-AEB6-46D8-AECB-A8F05C7FFBAD}.Release|x64.Build.0 = Release|x64
		{ECE93F2B-AEB6-46D8-AECB-A8F05C7FFBAD}.Release|x86.ActiveCfg = Release|Win32
		{ECE93F2B-AEB6-46D8-AECB-A8F05C7FFBAD}.Release|x86.Build.0 = Release|Win32
	EndGlobalSection
	GlobalSection(SolutionProperties) = preSolution
		HideSolutionNode = FALSE
	EndGlobalSection
	GlobalSection(ExtensibilityGlobals) = postSolution
		SolutionGuid = {44998A45-004B-456B-96CF-80C6D0ED6C0E}
	EndGlobalSection
EndGlobal
