
Microsoft Visual Studio Solution File, Format Version 12.00
# Visual Studio 15
VisualStudioVersion = 15.0.26730.12
MinimumVisualStudioVersion = 10.0.40219.1
Project("{8BC9CEB8-8B4A-11D0-8D11-00A0C91BC942}") = "Lab2(matrix)", "..\181_352_Mekhannikova_Lab2\Project2\Project2.vcxproj", "{C5D377ED-F173-4E53-BFD0-82CBE1D2AB8B}"
EndProject
Project("{8BC9CEB8-8B4A-11D0-8D11-00A0C91BC942}") = "Lab1(razmerOP)", "..\181_352_Mekhannikova_Lab1\Project1\Project1.vcxproj", "{B1304ABD-8BDE-4F24-9F7A-EED86261C587}"
EndProject
Project("{8BC9CEB8-8B4A-11D0-8D11-00A0C91BC942}") = "Lab3(Class-work. Markers)", "Lab3()\Lab3().vcxproj", "{016B0072-8F53-413E-8AAE-EABBB9A7E428}"
EndProject
Project("{8BC9CEB8-8B4A-11D0-8D11-00A0C91BC942}") = "Lab4(Function)", "181-352_Mekhannikova\Lab4\Lab4.vcxproj", "{1F7ACDC4-DAA2-4A93-BBB1-51EBF3F2CF09}"
EndProject
Project("{8BC9CEB8-8B4A-11D0-8D11-00A0C91BC942}") = "Lab5(classes_and_objects)", "Lab5(classes_and_objects)\Lab5(classes_and_objects).vcxproj", "{5A427FD0-D559-4F95-8FA4-4E63303C0587}"
EndProject
Project("{8BC9CEB8-8B4A-11D0-8D11-00A0C91BC942}") = "Проект1", "Проект1\Проект1.vcxproj", "{F0A1916D-1FB6-4047-B91A-F020584D7768}"
EndProject
Global
	GlobalSection(SolutionConfigurationPlatforms) = preSolution
		Debug|x64 = Debug|x64
		Debug|x86 = Debug|x86
		Release|x64 = Release|x64
		Release|x86 = Release|x86
	EndGlobalSection
	GlobalSection(ProjectConfigurationPlatforms) = postSolution
		{C5D377ED-F173-4E53-BFD0-82CBE1D2AB8B}.Debug|x64.ActiveCfg = Debug|x64
		{C5D377ED-F173-4E53-BFD0-82CBE1D2AB8B}.Debug|x64.Build.0 = Debug|x64
		{C5D377ED-F173-4E53-BFD0-82CBE1D2AB8B}.Debug|x86.ActiveCfg = Debug|Win32
		{C5D377ED-F173-4E53-BFD0-82CBE1D2AB8B}.Debug|x86.Build.0 = Debug|Win32
		{C5D377ED-F173-4E53-BFD0-82CBE1D2AB8B}.Release|x64.ActiveCfg = Release|x64
		{C5D377ED-F173-4E53-BFD0-82CBE1D2AB8B}.Release|x64.Build.0 = Release|x64
		{C5D377ED-F173-4E53-BFD0-82CBE1D2AB8B}.Release|x86.ActiveCfg = Release|Win32
		{C5D377ED-F173-4E53-BFD0-82CBE1D2AB8B}.Release|x86.Build.0 = Release|Win32
		{B1304ABD-8BDE-4F24-9F7A-EED86261C587}.Debug|x64.ActiveCfg = Debug|x64
		{B1304ABD-8BDE-4F24-9F7A-EED86261C587}.Debug|x64.Build.0 = Debug|x64
		{B1304ABD-8BDE-4F24-9F7A-EED86261C587}.Debug|x64.Deploy.0 = Debug|x64
		{B1304ABD-8BDE-4F24-9F7A-EED86261C587}.Debug|x86.ActiveCfg = Debug|Win32
		{B1304ABD-8BDE-4F24-9F7A-EED86261C587}.Debug|x86.Build.0 = Debug|Win32
		{B1304ABD-8BDE-4F24-9F7A-EED86261C587}.Debug|x86.Deploy.0 = Debug|Win32
		{B1304ABD-8BDE-4F24-9F7A-EED86261C587}.Release|x64.ActiveCfg = Release|x64
		{B1304ABD-8BDE-4F24-9F7A-EED86261C587}.Release|x64.Build.0 = Release|x64
		{B1304ABD-8BDE-4F24-9F7A-EED86261C587}.Release|x64.Deploy.0 = Release|x64
		{B1304ABD-8BDE-4F24-9F7A-EED86261C587}.Release|x86.ActiveCfg = Release|Win32
		{B1304ABD-8BDE-4F24-9F7A-EED86261C587}.Release|x86.Build.0 = Release|Win32
		{B1304ABD-8BDE-4F24-9F7A-EED86261C587}.Release|x86.Deploy.0 = Release|Win32
		{016B0072-8F53-413E-8AAE-EABBB9A7E428}.Debug|x64.ActiveCfg = Debug|x64
		{016B0072-8F53-413E-8AAE-EABBB9A7E428}.Debug|x64.Build.0 = Debug|x64
		{016B0072-8F53-413E-8AAE-EABBB9A7E428}.Debug|x86.ActiveCfg = Debug|Win32
		{016B0072-8F53-413E-8AAE-EABBB9A7E428}.Debug|x86.Build.0 = Debug|Win32
		{016B0072-8F53-413E-8AAE-EABBB9A7E428}.Release|x64.ActiveCfg = Release|x64
		{016B0072-8F53-413E-8AAE-EABBB9A7E428}.Release|x64.Build.0 = Release|x64
		{016B0072-8F53-413E-8AAE-EABBB9A7E428}.Release|x86.ActiveCfg = Release|Win32
		{016B0072-8F53-413E-8AAE-EABBB9A7E428}.Release|x86.Build.0 = Release|Win32
		{1F7ACDC4-DAA2-4A93-BBB1-51EBF3F2CF09}.Debug|x64.ActiveCfg = Debug|x64
		{1F7ACDC4-DAA2-4A93-BBB1-51EBF3F2CF09}.Debug|x64.Build.0 = Debug|x64
		{1F7ACDC4-DAA2-4A93-BBB1-51EBF3F2CF09}.Debug|x86.ActiveCfg = Debug|Win32
		{1F7ACDC4-DAA2-4A93-BBB1-51EBF3F2CF09}.Debug|x86.Build.0 = Debug|Win32
		{1F7ACDC4-DAA2-4A93-BBB1-51EBF3F2CF09}.Release|x64.ActiveCfg = Release|x64
		{1F7ACDC4-DAA2-4A93-BBB1-51EBF3F2CF09}.Release|x64.Build.0 = Release|x64
		{1F7ACDC4-DAA2-4A93-BBB1-51EBF3F2CF09}.Release|x86.ActiveCfg = Release|Win32
		{1F7ACDC4-DAA2-4A93-BBB1-51EBF3F2CF09}.Release|x86.Build.0 = Release|Win32
		{5A427FD0-D559-4F95-8FA4-4E63303C0587}.Debug|x64.ActiveCfg = Debug|x64
		{5A427FD0-D559-4F95-8FA4-4E63303C0587}.Debug|x64.Build.0 = Debug|x64
		{5A427FD0-D559-4F95-8FA4-4E63303C0587}.Debug|x86.ActiveCfg = Debug|Win32
		{5A427FD0-D559-4F95-8FA4-4E63303C0587}.Debug|x86.Build.0 = Debug|Win32
		{5A427FD0-D559-4F95-8FA4-4E63303C0587}.Release|x64.ActiveCfg = Release|x64
		{5A427FD0-D559-4F95-8FA4-4E63303C0587}.Release|x64.Build.0 = Release|x64
		{5A427FD0-D559-4F95-8FA4-4E63303C0587}.Release|x86.ActiveCfg = Release|Win32
		{5A427FD0-D559-4F95-8FA4-4E63303C0587}.Release|x86.Build.0 = Release|Win32
		{F0A1916D-1FB6-4047-B91A-F020584D7768}.Debug|x64.ActiveCfg = Debug|x64
		{F0A1916D-1FB6-4047-B91A-F020584D7768}.Debug|x64.Build.0 = Debug|x64
		{F0A1916D-1FB6-4047-B91A-F020584D7768}.Debug|x86.ActiveCfg = Debug|Win32
		{F0A1916D-1FB6-4047-B91A-F020584D7768}.Debug|x86.Build.0 = Debug|Win32
		{F0A1916D-1FB6-4047-B91A-F020584D7768}.Release|x64.ActiveCfg = Release|x64
		{F0A1916D-1FB6-4047-B91A-F020584D7768}.Release|x64.Build.0 = Release|x64
		{F0A1916D-1FB6-4047-B91A-F020584D7768}.Release|x86.ActiveCfg = Release|Win32
		{F0A1916D-1FB6-4047-B91A-F020584D7768}.Release|x86.Build.0 = Release|Win32
	EndGlobalSection
	GlobalSection(SolutionProperties) = preSolution
		HideSolutionNode = FALSE
	EndGlobalSection
	GlobalSection(ExtensibilityGlobals) = postSolution
		SolutionGuid = {948401C9-7E5E-4D23-89A4-79F0CCCA15BB}
	EndGlobalSection
EndGlobal
